// !$*UTF8*$!
{
	archiveVersion = 1;
	classes = {
	};
	objectVersion = 50;
	objects = {

/* Begin PBXBuildFile section */
		AB2AE9CE21C38077007D217D /* Canter Bold.otf in Resources */ = {isa = PBXBuildFile; fileRef = AB2AE9CD21C37246007D217D /* Canter Bold.otf */; };
		AB379B2B21A3CB3900237021 /* AppDelegate.swift in Sources */ = {isa = PBXBuildFile; fileRef = AB379B2A21A3CB3900237021 /* AppDelegate.swift */; };
		AB379B3221A3CB3B00237021 /* Assets.xcassets in Resources */ = {isa = PBXBuildFile; fileRef = AB379B3121A3CB3B00237021 /* Assets.xcassets */; };
		AB379B3521A3CB3B00237021 /* LaunchScreen.storyboard in Resources */ = {isa = PBXBuildFile; fileRef = AB379B3321A3CB3B00237021 /* LaunchScreen.storyboard */; };
		AB379B4121A3CC3800237021 /* Realm.swift in Sources */ = {isa = PBXBuildFile; fileRef = AB379B4021A3CC3800237021 /* Realm.swift */; };
		AB379B4521A3CDC000237021 /* Realm.framework in Frameworks */ = {isa = PBXBuildFile; fileRef = AB379B4421A3CDC000237021 /* Realm.framework */; };
		AB379B4721A3CDC000237021 /* RealmSwift.framework in Frameworks */ = {isa = PBXBuildFile; fileRef = AB379B4621A3CDC000237021 /* RealmSwift.framework */; };
		AB379B4921A3D00800237021 /* TitleViewController.swift in Sources */ = {isa = PBXBuildFile; fileRef = AB379B4821A3D00800237021 /* TitleViewController.swift */; };
		AB379B4B21A3D04100237021 /* Main.storyboard in Resources */ = {isa = PBXBuildFile; fileRef = AB379B4A21A3D04100237021 /* Main.storyboard */; };
		AB379B4D21A3D1BA00237021 /* DetailZeroOneViewController.swift in Sources */ = {isa = PBXBuildFile; fileRef = AB379B4C21A3D1BA00237021 /* DetailZeroOneViewController.swift */; };
		AB379B4F21A3D26A00237021 /* OptionViewController.swift in Sources */ = {isa = PBXBuildFile; fileRef = AB379B4E21A3D26A00237021 /* OptionViewController.swift */; };
		AB379B5121A3D30300237021 /* DetailOptionsViewController.swift in Sources */ = {isa = PBXBuildFile; fileRef = AB379B5021A3D30300237021 /* DetailOptionsViewController.swift */; };
		AB379B5C21A3D39B00237021 /* Hattrick.jpeg in Resources */ = {isa = PBXBuildFile; fileRef = AB379B5521A3D39A00237021 /* Hattrick.jpeg */; };
		AB379B6321A3D3DA00237021 /* SimpleZeroOneViewController.swift in Sources */ = {isa = PBXBuildFile; fileRef = AB379B6221A3D3DA00237021 /* SimpleZeroOneViewController.swift */; };
		AB379B6521A3D4F400237021 /* Rating.swift in Sources */ = {isa = PBXBuildFile; fileRef = AB379B6421A3D4F400237021 /* Rating.swift */; };
		AB379B8B21A6434300237021 /* CountUpViewController.swift in Sources */ = {isa = PBXBuildFile; fileRef = AB379B8A21A6434300237021 /* CountUpViewController.swift */; };
		AB379BAD21AE79DC00237021 /* SimpleCricketViewController.swift in Sources */ = {isa = PBXBuildFile; fileRef = AB379BAC21AE79DC00237021 /* SimpleCricketViewController.swift */; };
		AB379BD921B61E4600237021 /* DetailCricketViewController.swift in Sources */ = {isa = PBXBuildFile; fileRef = AB379BD821B61E4600237021 /* DetailCricketViewController.swift */; };
		AB379BDC21B6526A00237021 /* CricketTableViewCell.swift in Sources */ = {isa = PBXBuildFile; fileRef = AB379BDA21B6526A00237021 /* CricketTableViewCell.swift */; };
		AB379BDD21B6526A00237021 /* CricketTableViewCell.xib in Resources */ = {isa = PBXBuildFile; fileRef = AB379BDB21B6526A00237021 /* CricketTableViewCell.xib */; };
		AB5488D321B7B39500E48809 /* Charts.framework in Frameworks */ = {isa = PBXBuildFile; fileRef = AB5488D221B7B39500E48809 /* Charts.framework */; };
		AB5488D521B7BB6000E48809 /* GraphViewController.swift in Sources */ = {isa = PBXBuildFile; fileRef = AB5488D421B7BB6000E48809 /* GraphViewController.swift */; };
		AB5488D721B7C64A00E48809 /* OperateRealm.swift in Sources */ = {isa = PBXBuildFile; fileRef = AB5488D621B7C64A00E48809 /* OperateRealm.swift */; };
		AB5488DA21B901DE00E48809 /* GraphZeroOneViewController.swift in Sources */ = {isa = PBXBuildFile; fileRef = AB5488D921B901DE00E48809 /* GraphZeroOneViewController.swift */; };
		AB5488DC21B904D000E48809 /* GraphCricketViewController.swift in Sources */ = {isa = PBXBuildFile; fileRef = AB5488DB21B904D000E48809 /* GraphCricketViewController.swift */; };
		AB6DB9E421BE233200257228 /* Menu.png in Resources */ = {isa = PBXBuildFile; fileRef = AB6DB9E221BE233100257228 /* Menu.png */; };
		AB6DB9E521BE233200257228 /* Close.png in Resources */ = {isa = PBXBuildFile; fileRef = AB6DB9E321BE233100257228 /* Close.png */; };
		AB6DB9E721BE23B100257228 /* Menu_50.png in Resources */ = {isa = PBXBuildFile; fileRef = AB6DB9E621BE23B000257228 /* Menu_50.png */; };
		AB6DB9E921BE248300257228 /* Close_50.png in Resources */ = {isa = PBXBuildFile; fileRef = AB6DB9E821BE248300257228 /* Close_50.png */; };
		AB6DB9EB21BE24E000257228 /* Option_50.png in Resources */ = {isa = PBXBuildFile; fileRef = AB6DB9EA21BE24DF00257228 /* Option_50.png */; };
		AB6DB9ED21BE254100257228 /* Graph_50.png in Resources */ = {isa = PBXBuildFile; fileRef = AB6DB9EC21BE254100257228 /* Graph_50.png */; };
		AB6DB9EF21BE28C400257228 /* darts.jpg in Resources */ = {isa = PBXBuildFile; fileRef = AB6DB9EE21BE28C400257228 /* darts.jpg */; };
		AB6DB9FD21BE676A00257228 /* goal.png in Resources */ = {isa = PBXBuildFile; fileRef = AB6DB9FB21BE676A00257228 /* goal.png */; };
		AB6DBA0321BF4B2300257228 /* zeroone_30.png in Resources */ = {isa = PBXBuildFile; fileRef = AB6DBA0021BF4B2100257228 /* zeroone_30.png */; };
		AB6DBA0421BF4B2300257228 /* countup_30.png in Resources */ = {isa = PBXBuildFile; fileRef = AB6DBA0121BF4B2100257228 /* countup_30.png */; };
		AB6DBA0521BF4B2300257228 /* cricket_30.png in Resources */ = {isa = PBXBuildFile; fileRef = AB6DBA0221BF4B2200257228 /* cricket_30.png */; };
		AB7CF1CC21BDF0AA002B0C4C /* CircleMenu.framework in Frameworks */ = {isa = PBXBuildFile; fileRef = AB7CF1CB21BDF0AA002B0C4C /* CircleMenu.framework */; };
		AB7CF1D221BDF61E002B0C4C /* cricket.png in Resources */ = {isa = PBXBuildFile; fileRef = AB7CF1CF21BDF61E002B0C4C /* cricket.png */; };
		AB7CF1D321BDF61E002B0C4C /* countup.png in Resources */ = {isa = PBXBuildFile; fileRef = AB7CF1D021BDF61E002B0C4C /* countup.png */; };
		AB7CF1D821BE122C002B0C4C /* Graph.png in Resources */ = {isa = PBXBuildFile; fileRef = AB7CF1D521BE122A002B0C4C /* Graph.png */; };
		AB7CF1DA21BE122C002B0C4C /* Option.png in Resources */ = {isa = PBXBuildFile; fileRef = AB7CF1D721BE122B002B0C4C /* Option.png */; };
		ABB6CFCB21D35D270047C8A1 /* Out.jpeg in Resources */ = {isa = PBXBuildFile; fileRef = ABB6CFBB21D35D230047C8A1 /* Out.jpeg */; };
		ABB6CFCC21D35D270047C8A1 /* 2MARK_ORIGINAL.jpeg in Resources */ = {isa = PBXBuildFile; fileRef = ABB6CFBC21D35D240047C8A1 /* 2MARK_ORIGINAL.jpeg */; };
		ABB6CFCD21D35D270047C8A1 /* 6MARK.jpeg in Resources */ = {isa = PBXBuildFile; fileRef = ABB6CFBD21D35D240047C8A1 /* 6MARK.jpeg */; };
		ABB6CFCE21D35D270047C8A1 /* 1MARK_ORIGINAL.jpeg in Resources */ = {isa = PBXBuildFile; fileRef = ABB6CFBE21D35D240047C8A1 /* 1MARK_ORIGINAL.jpeg */; };
		ABB6CFCF21D35D270047C8A1 /* 3MARK.jpeg in Resources */ = {isa = PBXBuildFile; fileRef = ABB6CFBF21D35D240047C8A1 /* 3MARK.jpeg */; };
		ABB6CFD021D35D270047C8A1 /* 2MARK.jpeg in Resources */ = {isa = PBXBuildFile; fileRef = ABB6CFC021D35D250047C8A1 /* 2MARK.jpeg */; };
		ABB6CFD121D35D270047C8A1 /* 5MARK.jpeg in Resources */ = {isa = PBXBuildFile; fileRef = ABB6CFC121D35D250047C8A1 /* 5MARK.jpeg */; };
		ABB6CFD221D35D270047C8A1 /* 2BULL.jpeg in Resources */ = {isa = PBXBuildFile; fileRef = ABB6CFC221D35D250047C8A1 /* 2BULL.jpeg */; };
		ABB6CFD321D35D270047C8A1 /* 1BULL.jpeg in Resources */ = {isa = PBXBuildFile; fileRef = ABB6CFC321D35D250047C8A1 /* 1BULL.jpeg */; };
		ABB6CFD421D35D270047C8A1 /* 9MARK.jpeg in Resources */ = {isa = PBXBuildFile; fileRef = ABB6CFC421D35D250047C8A1 /* 9MARK.jpeg */; };
		ABB6CFD521D35D270047C8A1 /* 3MARK_ORIGINAL.jpeg in Resources */ = {isa = PBXBuildFile; fileRef = ABB6CFC521D35D260047C8A1 /* 3MARK_ORIGINAL.jpeg */; };
		ABB6CFD621D35D270047C8A1 /* 1MARK.jpeg in Resources */ = {isa = PBXBuildFile; fileRef = ABB6CFC621D35D260047C8A1 /* 1MARK.jpeg */; };
		ABB6CFD721D35D270047C8A1 /* 4MARK.jpeg in Resources */ = {isa = PBXBuildFile; fileRef = ABB6CFC721D35D260047C8A1 /* 4MARK.jpeg */; };
		ABB6CFD821D35D270047C8A1 /* 3BULL.jpeg in Resources */ = {isa = PBXBuildFile; fileRef = ABB6CFC821D35D260047C8A1 /* 3BULL.jpeg */; };
		ABB6CFD921D35D270047C8A1 /* 7MARK.jpeg in Resources */ = {isa = PBXBuildFile; fileRef = ABB6CFC921D35D270047C8A1 /* 7MARK.jpeg */; };
		ABB6CFDA21D35D270047C8A1 /* 8MARK.jpeg in Resources */ = {isa = PBXBuildFile; fileRef = ABB6CFCA21D35D270047C8A1 /* 8MARK.jpeg */; };
		ABB6CFDC21D35F860047C8A1 /* save_30.png in Resources */ = {isa = PBXBuildFile; fileRef = ABB6CFDB21D35F840047C8A1 /* save_30.png */; };
		ABB6CFF321D363200047C8A1 /* iTunesArtwork@1x.png in Resources */ = {isa = PBXBuildFile; fileRef = ABB6CFDE21D363200047C8A1 /* iTunesArtwork@1x.png */; };
		ABB6CFF421D363200047C8A1 /* Icon-App-76x76@2x.png in Resources */ = {isa = PBXBuildFile; fileRef = ABB6CFE021D363200047C8A1 /* Icon-App-76x76@2x.png */; };
		ABB6CFF521D363200047C8A1 /* Icon-App-29x29@1x.png in Resources */ = {isa = PBXBuildFile; fileRef = ABB6CFE121D363200047C8A1 /* Icon-App-29x29@1x.png */; };
		ABB6CFF621D363200047C8A1 /* Icon-App-40x40@1x.png in Resources */ = {isa = PBXBuildFile; fileRef = ABB6CFE221D363200047C8A1 /* Icon-App-40x40@1x.png */; };
		ABB6CFF721D363200047C8A1 /* Icon-App-20x20@1x.png in Resources */ = {isa = PBXBuildFile; fileRef = ABB6CFE321D363200047C8A1 /* Icon-App-20x20@1x.png */; };
		ABB6CFF821D363200047C8A1 /* Icon-App-83.5x83.5@2x.png in Resources */ = {isa = PBXBuildFile; fileRef = ABB6CFE421D363200047C8A1 /* Icon-App-83.5x83.5@2x.png */; };
		ABB6CFF921D363200047C8A1 /* Icon-App-20x20@3x.png in Resources */ = {isa = PBXBuildFile; fileRef = ABB6CFE521D363200047C8A1 /* Icon-App-20x20@3x.png */; };
		ABB6CFFA21D363200047C8A1 /* ItunesArtwork@2x.png in Resources */ = {isa = PBXBuildFile; fileRef = ABB6CFE621D363200047C8A1 /* ItunesArtwork@2x.png */; };
		ABB6CFFB21D363200047C8A1 /* Contents.json in Resources */ = {isa = PBXBuildFile; fileRef = ABB6CFE721D363200047C8A1 /* Contents.json */; };
		ABB6CFFC21D363200047C8A1 /* Icon-App-20x20@2x.png in Resources */ = {isa = PBXBuildFile; fileRef = ABB6CFE821D363200047C8A1 /* Icon-App-20x20@2x.png */; };
		ABB6CFFD21D363200047C8A1 /* Icon-App-29x29@3x.png in Resources */ = {isa = PBXBuildFile; fileRef = ABB6CFE921D363200047C8A1 /* Icon-App-29x29@3x.png */; };
		ABB6CFFE21D363200047C8A1 /* Icon-App-40x40@2x.png in Resources */ = {isa = PBXBuildFile; fileRef = ABB6CFEA21D363200047C8A1 /* Icon-App-40x40@2x.png */; };
		ABB6CFFF21D363200047C8A1 /* Icon-App-60x60@3x.png in Resources */ = {isa = PBXBuildFile; fileRef = ABB6CFEB21D363200047C8A1 /* Icon-App-60x60@3x.png */; };
		ABB6D00021D363200047C8A1 /* Icon-App-60x60@2x.png in Resources */ = {isa = PBXBuildFile; fileRef = ABB6CFEC21D363200047C8A1 /* Icon-App-60x60@2x.png */; };
		ABB6D00121D363200047C8A1 /* Icon-App-76x76@1x.png in Resources */ = {isa = PBXBuildFile; fileRef = ABB6CFED21D363200047C8A1 /* Icon-App-76x76@1x.png */; };
		ABB6D00221D363200047C8A1 /* Icon-App-40x40@3x.png in Resources */ = {isa = PBXBuildFile; fileRef = ABB6CFEE21D363200047C8A1 /* Icon-App-40x40@3x.png */; };
		ABB6D00321D363200047C8A1 /* Icon-App-29x29@2x.png in Resources */ = {isa = PBXBuildFile; fileRef = ABB6CFEF21D363200047C8A1 /* Icon-App-29x29@2x.png */; };
		ABB6D00421D363200047C8A1 /* README.md in Resources */ = {isa = PBXBuildFile; fileRef = ABB6CFF021D363200047C8A1 /* README.md */; };
		ABB6D00521D363200047C8A1 /* iTunesArtwork@2x.png in Resources */ = {isa = PBXBuildFile; fileRef = ABB6CFF121D363200047C8A1 /* iTunesArtwork@2x.png */; };
		ABB6D00621D363200047C8A1 /* iTunesArtwork@3x.png in Resources */ = {isa = PBXBuildFile; fileRef = ABB6CFF221D363200047C8A1 /* iTunesArtwork@3x.png */; };
		ABB6D00821F1A5030047C8A1 /* zeroone.png in Resources */ = {isa = PBXBuildFile; fileRef = ABB6D00721F1A5030047C8A1 /* zeroone.png */; };
		ABBDB31F21D214F200C366CB /* BULL_disable.jpeg in Resources */ = {isa = PBXBuildFile; fileRef = ABBDB31E21D214F100C366CB /* BULL_disable.jpeg */; };
		ABBDB32121D2179100C366CB /* 1BULL_50.jpeg in Resources */ = {isa = PBXBuildFile; fileRef = ABBDB32021D2179100C366CB /* 1BULL_50.jpeg */; };
		ABD1DA0421BFAA17003892BD /* darts2.jpg in Resources */ = {isa = PBXBuildFile; fileRef = ABD1DA0321BFAA17003892BD /* darts2.jpg */; };
		ABD1DA0821BFB044003892BD /* 1BULL_80.png in Resources */ = {isa = PBXBuildFile; fileRef = ABD1DA0721BFB044003892BD /* 1BULL_80.png */; };
		ABD1DA0A21C0CA50003892BD /* back_100.png in Resources */ = {isa = PBXBuildFile; fileRef = ABD1DA0921C0CA4F003892BD /* back_100.png */; };
		ABD1DA0C21C0CABF003892BD /* back_100_2.png in Resources */ = {isa = PBXBuildFile; fileRef = ABD1DA0B21C0CABE003892BD /* back_100_2.png */; };
		ABD1DA0E21C0CEA8003892BD /* back_100_3.png in Resources */ = {isa = PBXBuildFile; fileRef = ABD1DA0D21C0CEA8003892BD /* back_100_3.png */; };
		ABD1DA1021C0CF1E003892BD /* back_100_4.png in Resources */ = {isa = PBXBuildFile; fileRef = ABD1DA0F21C0CF1D003892BD /* back_100_4.png */; };
		B2F0B326617520161A969607 /* Pods_darts.framework in Frameworks */ = {isa = PBXBuildFile; fileRef = 754EAF9EFEFE29F8C961518C /* Pods_darts.framework */; };
/* End PBXBuildFile section */

/* Begin PBXFileReference section */
		7146FD02CBF970BA99211F6C /* Pods-darts.debug.xcconfig */ = {isa = PBXFileReference; includeInIndex = 1; lastKnownFileType = text.xcconfig; name = "Pods-darts.debug.xcconfig"; path = "Pods/Target Support Files/Pods-darts/Pods-darts.debug.xcconfig"; sourceTree = "<group>"; };
		754EAF9EFEFE29F8C961518C /* Pods_darts.framework */ = {isa = PBXFileReference; explicitFileType = wrapper.framework; includeInIndex = 0; path = Pods_darts.framework; sourceTree = BUILT_PRODUCTS_DIR; };
		86B6A02F972CD444039EC6A9 /* Pods-darts.release.xcconfig */ = {isa = PBXFileReference; includeInIndex = 1; lastKnownFileType = text.xcconfig; name = "Pods-darts.release.xcconfig"; path = "Pods/Target Support Files/Pods-darts/Pods-darts.release.xcconfig"; sourceTree = "<group>"; };
		AB2AE9CD21C37246007D217D /* Canter Bold.otf */ = {isa = PBXFileReference; lastKnownFileType = file; path = "Canter Bold.otf"; sourceTree = "<group>"; };
		AB379B2721A3CB3900237021 /* darts.app */ = {isa = PBXFileReference; explicitFileType = wrapper.application; includeInIndex = 0; path = darts.app; sourceTree = BUILT_PRODUCTS_DIR; };
		AB379B2A21A3CB3900237021 /* AppDelegate.swift */ = {isa = PBXFileReference; lastKnownFileType = sourcecode.swift; path = AppDelegate.swift; sourceTree = "<group>"; };
		AB379B3121A3CB3B00237021 /* Assets.xcassets */ = {isa = PBXFileReference; lastKnownFileType = folder.assetcatalog; path = Assets.xcassets; sourceTree = "<group>"; };
		AB379B3421A3CB3B00237021 /* Base */ = {isa = PBXFileReference; lastKnownFileType = file.storyboard; name = Base; path = Base.lproj/LaunchScreen.storyboard; sourceTree = "<group>"; };
		AB379B3621A3CB3B00237021 /* Info.plist */ = {isa = PBXFileReference; lastKnownFileType = text.plist.xml; path = Info.plist; sourceTree = "<group>"; };
		AB379B4021A3CC3800237021 /* Realm.swift */ = {isa = PBXFileReference; lastKnownFileType = sourcecode.swift; path = Realm.swift; sourceTree = "<group>"; };
		AB379B4421A3CDC000237021 /* Realm.framework */ = {isa = PBXFileReference; explicitFileType = wrapper.framework; path = Realm.framework; sourceTree = BUILT_PRODUCTS_DIR; };
		AB379B4621A3CDC000237021 /* RealmSwift.framework */ = {isa = PBXFileReference; explicitFileType = wrapper.framework; path = RealmSwift.framework; sourceTree = BUILT_PRODUCTS_DIR; };
		AB379B4821A3D00800237021 /* TitleViewController.swift */ = {isa = PBXFileReference; lastKnownFileType = sourcecode.swift; path = TitleViewController.swift; sourceTree = "<group>"; };
		AB379B4A21A3D04100237021 /* Main.storyboard */ = {isa = PBXFileReference; lastKnownFileType = file.storyboard; path = Main.storyboard; sourceTree = "<group>"; };
		AB379B4C21A3D1BA00237021 /* DetailZeroOneViewController.swift */ = {isa = PBXFileReference; lastKnownFileType = sourcecode.swift; path = DetailZeroOneViewController.swift; sourceTree = "<group>"; };
		AB379B4E21A3D26A00237021 /* OptionViewController.swift */ = {isa = PBXFileReference; lastKnownFileType = sourcecode.swift; path = OptionViewController.swift; sourceTree = "<group>"; };
		AB379B5021A3D30300237021 /* DetailOptionsViewController.swift */ = {isa = PBXFileReference; lastKnownFileType = sourcecode.swift; path = DetailOptionsViewController.swift; sourceTree = "<group>"; };
		AB379B5521A3D39A00237021 /* Hattrick.jpeg */ = {isa = PBXFileReference; lastKnownFileType = image.jpeg; path = Hattrick.jpeg; sourceTree = "<group>"; };
		AB379B6221A3D3DA00237021 /* SimpleZeroOneViewController.swift */ = {isa = PBXFileReference; lastKnownFileType = sourcecode.swift; path = SimpleZeroOneViewController.swift; sourceTree = "<group>"; };
		AB379B6421A3D4F400237021 /* Rating.swift */ = {isa = PBXFileReference; lastKnownFileType = sourcecode.swift; path = Rating.swift; sourceTree = "<group>"; };
		AB379B8A21A6434300237021 /* CountUpViewController.swift */ = {isa = PBXFileReference; lastKnownFileType = sourcecode.swift; path = CountUpViewController.swift; sourceTree = "<group>"; };
		AB379BAC21AE79DC00237021 /* SimpleCricketViewController.swift */ = {isa = PBXFileReference; lastKnownFileType = sourcecode.swift; path = SimpleCricketViewController.swift; sourceTree = "<group>"; };
		AB379BD821B61E4600237021 /* DetailCricketViewController.swift */ = {isa = PBXFileReference; lastKnownFileType = sourcecode.swift; path = DetailCricketViewController.swift; sourceTree = "<group>"; };
		AB379BDA21B6526A00237021 /* CricketTableViewCell.swift */ = {isa = PBXFileReference; lastKnownFileType = sourcecode.swift; path = CricketTableViewCell.swift; sourceTree = "<group>"; };
		AB379BDB21B6526A00237021 /* CricketTableViewCell.xib */ = {isa = PBXFileReference; lastKnownFileType = file.xib; path = CricketTableViewCell.xib; sourceTree = "<group>"; };
		AB5488D221B7B39500E48809 /* Charts.framework */ = {isa = PBXFileReference; explicitFileType = wrapper.framework; path = Charts.framework; sourceTree = BUILT_PRODUCTS_DIR; };
		AB5488D421B7BB6000E48809 /* GraphViewController.swift */ = {isa = PBXFileReference; lastKnownFileType = sourcecode.swift; path = GraphViewController.swift; sourceTree = "<group>"; };
		AB5488D621B7C64A00E48809 /* OperateRealm.swift */ = {isa = PBXFileReference; lastKnownFileType = sourcecode.swift; path = OperateRealm.swift; sourceTree = "<group>"; };
		AB5488D921B901DE00E48809 /* GraphZeroOneViewController.swift */ = {isa = PBXFileReference; lastKnownFileType = sourcecode.swift; path = GraphZeroOneViewController.swift; sourceTree = "<group>"; };
		AB5488DB21B904D000E48809 /* GraphCricketViewController.swift */ = {isa = PBXFileReference; lastKnownFileType = sourcecode.swift; path = GraphCricketViewController.swift; sourceTree = "<group>"; };
		AB6DB9E221BE233100257228 /* Menu.png */ = {isa = PBXFileReference; lastKnownFileType = image.png; path = Menu.png; sourceTree = "<group>"; };
		AB6DB9E321BE233100257228 /* Close.png */ = {isa = PBXFileReference; lastKnownFileType = image.png; path = Close.png; sourceTree = "<group>"; };
		AB6DB9E621BE23B000257228 /* Menu_50.png */ = {isa = PBXFileReference; lastKnownFileType = image.png; path = Menu_50.png; sourceTree = "<group>"; };
		AB6DB9E821BE248300257228 /* Close_50.png */ = {isa = PBXFileReference; lastKnownFileType = image.png; path = Close_50.png; sourceTree = "<group>"; };
		AB6DB9EA21BE24DF00257228 /* Option_50.png */ = {isa = PBXFileReference; lastKnownFileType = image.png; path = Option_50.png; sourceTree = "<group>"; };
		AB6DB9EC21BE254100257228 /* Graph_50.png */ = {isa = PBXFileReference; lastKnownFileType = image.png; path = Graph_50.png; sourceTree = "<group>"; };
		AB6DB9EE21BE28C400257228 /* darts.jpg */ = {isa = PBXFileReference; lastKnownFileType = image.jpeg; path = darts.jpg; sourceTree = "<group>"; };
		AB6DB9FB21BE676A00257228 /* goal.png */ = {isa = PBXFileReference; lastKnownFileType = image.png; path = goal.png; sourceTree = "<group>"; };
		AB6DBA0021BF4B2100257228 /* zeroone_30.png */ = {isa = PBXFileReference; lastKnownFileType = image.png; path = zeroone_30.png; sourceTree = "<group>"; };
		AB6DBA0121BF4B2100257228 /* countup_30.png */ = {isa = PBXFileReference; lastKnownFileType = image.png; path = countup_30.png; sourceTree = "<group>"; };
		AB6DBA0221BF4B2200257228 /* cricket_30.png */ = {isa = PBXFileReference; lastKnownFileType = image.png; path = cricket_30.png; sourceTree = "<group>"; };
		AB7CF1CB21BDF0AA002B0C4C /* CircleMenu.framework */ = {isa = PBXFileReference; explicitFileType = wrapper.framework; path = CircleMenu.framework; sourceTree = BUILT_PRODUCTS_DIR; };
		AB7CF1CF21BDF61E002B0C4C /* cricket.png */ = {isa = PBXFileReference; lastKnownFileType = image.png; path = cricket.png; sourceTree = "<group>"; };
		AB7CF1D021BDF61E002B0C4C /* countup.png */ = {isa = PBXFileReference; lastKnownFileType = image.png; path = countup.png; sourceTree = "<group>"; };
		AB7CF1D521BE122A002B0C4C /* Graph.png */ = {isa = PBXFileReference; lastKnownFileType = image.png; path = Graph.png; sourceTree = "<group>"; };
		AB7CF1D721BE122B002B0C4C /* Option.png */ = {isa = PBXFileReference; lastKnownFileType = image.png; path = Option.png; sourceTree = "<group>"; };
		ABB6CFBB21D35D230047C8A1 /* Out.jpeg */ = {isa = PBXFileReference; lastKnownFileType = image.jpeg; path = Out.jpeg; sourceTree = "<group>"; };
		ABB6CFBC21D35D240047C8A1 /* 2MARK_ORIGINAL.jpeg */ = {isa = PBXFileReference; lastKnownFileType = image.jpeg; path = 2MARK_ORIGINAL.jpeg; sourceTree = "<group>"; };
		ABB6CFBD21D35D240047C8A1 /* 6MARK.jpeg */ = {isa = PBXFileReference; lastKnownFileType = image.jpeg; path = 6MARK.jpeg; sourceTree = "<group>"; };
		ABB6CFBE21D35D240047C8A1 /* 1MARK_ORIGINAL.jpeg */ = {isa = PBXFileReference; lastKnownFileType = image.jpeg; path = 1MARK_ORIGINAL.jpeg; sourceTree = "<group>"; };
		ABB6CFBF21D35D240047C8A1 /* 3MARK.jpeg */ = {isa = PBXFileReference; lastKnownFileType = image.jpeg; path = 3MARK.jpeg; sourceTree = "<group>"; };
		ABB6CFC021D35D250047C8A1 /* 2MARK.jpeg */ = {isa = PBXFileReference; lastKnownFileType = image.jpeg; path = 2MARK.jpeg; sourceTree = "<group>"; };
		ABB6CFC121D35D250047C8A1 /* 5MARK.jpeg */ = {isa = PBXFileReference; lastKnownFileType = image.jpeg; path = 5MARK.jpeg; sourceTree = "<group>"; };
		ABB6CFC221D35D250047C8A1 /* 2BULL.jpeg */ = {isa = PBXFileReference; lastKnownFileType = image.jpeg; path = 2BULL.jpeg; sourceTree = "<group>"; };
		ABB6CFC321D35D250047C8A1 /* 1BULL.jpeg */ = {isa = PBXFileReference; lastKnownFileType = image.jpeg; path = 1BULL.jpeg; sourceTree = "<group>"; };
		ABB6CFC421D35D250047C8A1 /* 9MARK.jpeg */ = {isa = PBXFileReference; lastKnownFileType = image.jpeg; path = 9MARK.jpeg; sourceTree = "<group>"; };
		ABB6CFC521D35D260047C8A1 /* 3MARK_ORIGINAL.jpeg */ = {isa = PBXFileReference; lastKnownFileType = image.jpeg; path = 3MARK_ORIGINAL.jpeg; sourceTree = "<group>"; };
		ABB6CFC621D35D260047C8A1 /* 1MARK.jpeg */ = {isa = PBXFileReference; lastKnownFileType = image.jpeg; path = 1MARK.jpeg; sourceTree = "<group>"; };
		ABB6CFC721D35D260047C8A1 /* 4MARK.jpeg */ = {isa = PBXFileReference; lastKnownFileType = image.jpeg; path = 4MARK.jpeg; sourceTree = "<group>"; };
		ABB6CFC821D35D260047C8A1 /* 3BULL.jpeg */ = {isa = PBXFileReference; lastKnownFileType = image.jpeg; path = 3BULL.jpeg; sourceTree = "<group>"; };
		ABB6CFC921D35D270047C8A1 /* 7MARK.jpeg */ = {isa = PBXFileReference; lastKnownFileType = image.jpeg; path = 7MARK.jpeg; sourceTree = "<group>"; };
		ABB6CFCA21D35D270047C8A1 /* 8MARK.jpeg */ = {isa = PBXFileReference; lastKnownFileType = image.jpeg; path = 8MARK.jpeg; sourceTree = "<group>"; };
		ABB6CFDB21D35F840047C8A1 /* save_30.png */ = {isa = PBXFileReference; lastKnownFileType = image.png; path = save_30.png; sourceTree = "<group>"; };
		ABB6CFDE21D363200047C8A1 /* iTunesArtwork@1x.png */ = {isa = PBXFileReference; lastKnownFileType = image.png; path = "iTunesArtwork@1x.png"; sourceTree = "<group>"; };
		ABB6CFE021D363200047C8A1 /* Icon-App-76x76@2x.png */ = {isa = PBXFileReference; lastKnownFileType = image.png; path = "Icon-App-76x76@2x.png"; sourceTree = "<group>"; };
		ABB6CFE121D363200047C8A1 /* Icon-App-29x29@1x.png */ = {isa = PBXFileReference; lastKnownFileType = image.png; path = "Icon-App-29x29@1x.png"; sourceTree = "<group>"; };
		ABB6CFE221D363200047C8A1 /* Icon-App-40x40@1x.png */ = {isa = PBXFileReference; lastKnownFileType = image.png; path = "Icon-App-40x40@1x.png"; sourceTree = "<group>"; };
		ABB6CFE321D363200047C8A1 /* Icon-App-20x20@1x.png */ = {isa = PBXFileReference; lastKnownFileType = image.png; path = "Icon-App-20x20@1x.png"; sourceTree = "<group>"; };
		ABB6CFE421D363200047C8A1 /* Icon-App-83.5x83.5@2x.png */ = {isa = PBXFileReference; lastKnownFileType = image.png; path = "Icon-App-83.5x83.5@2x.png"; sourceTree = "<group>"; };
		ABB6CFE521D363200047C8A1 /* Icon-App-20x20@3x.png */ = {isa = PBXFileReference; lastKnownFileType = image.png; path = "Icon-App-20x20@3x.png"; sourceTree = "<group>"; };
		ABB6CFE621D363200047C8A1 /* ItunesArtwork@2x.png */ = {isa = PBXFileReference; lastKnownFileType = image.png; path = "ItunesArtwork@2x.png"; sourceTree = "<group>"; };
		ABB6CFE721D363200047C8A1 /* Contents.json */ = {isa = PBXFileReference; fileEncoding = 4; lastKnownFileType = text.json; path = Contents.json; sourceTree = "<group>"; };
		ABB6CFE821D363200047C8A1 /* Icon-App-20x20@2x.png */ = {isa = PBXFileReference; lastKnownFileType = image.png; path = "Icon-App-20x20@2x.png"; sourceTree = "<group>"; };
		ABB6CFE921D363200047C8A1 /* Icon-App-29x29@3x.png */ = {isa = PBXFileReference; lastKnownFileType = image.png; path = "Icon-App-29x29@3x.png"; sourceTree = "<group>"; };
		ABB6CFEA21D363200047C8A1 /* Icon-App-40x40@2x.png */ = {isa = PBXFileReference; lastKnownFileType = image.png; path = "Icon-App-40x40@2x.png"; sourceTree = "<group>"; };
		ABB6CFEB21D363200047C8A1 /* Icon-App-60x60@3x.png */ = {isa = PBXFileReference; lastKnownFileType = image.png; path = "Icon-App-60x60@3x.png"; sourceTree = "<group>"; };
		ABB6CFEC21D363200047C8A1 /* Icon-App-60x60@2x.png */ = {isa = PBXFileReference; lastKnownFileType = image.png; path = "Icon-App-60x60@2x.png"; sourceTree = "<group>"; };
		ABB6CFED21D363200047C8A1 /* Icon-App-76x76@1x.png */ = {isa = PBXFileReference; lastKnownFileType = image.png; path = "Icon-App-76x76@1x.png"; sourceTree = "<group>"; };
		ABB6CFEE21D363200047C8A1 /* Icon-App-40x40@3x.png */ = {isa = PBXFileReference; lastKnownFileType = image.png; path = "Icon-App-40x40@3x.png"; sourceTree = "<group>"; };
		ABB6CFEF21D363200047C8A1 /* Icon-App-29x29@2x.png */ = {isa = PBXFileReference; lastKnownFileType = image.png; path = "Icon-App-29x29@2x.png"; sourceTree = "<group>"; };
		ABB6CFF021D363200047C8A1 /* README.md */ = {isa = PBXFileReference; fileEncoding = 4; lastKnownFileType = net.daringfireball.markdown; path = README.md; sourceTree = "<group>"; };
		ABB6CFF121D363200047C8A1 /* iTunesArtwork@2x.png */ = {isa = PBXFileReference; lastKnownFileType = image.png; path = "iTunesArtwork@2x.png"; sourceTree = "<group>"; };
		ABB6CFF221D363200047C8A1 /* iTunesArtwork@3x.png */ = {isa = PBXFileReference; lastKnownFileType = image.png; path = "iTunesArtwork@3x.png"; sourceTree = "<group>"; };
		ABB6D00721F1A5030047C8A1 /* zeroone.png */ = {isa = PBXFileReference; lastKnownFileType = image.png; path = zeroone.png; sourceTree = "<group>"; };
		ABBDB31E21D214F100C366CB /* BULL_disable.jpeg */ = {isa = PBXFileReference; lastKnownFileType = image.jpeg; path = BULL_disable.jpeg; sourceTree = "<group>"; };
		ABBDB32021D2179100C366CB /* 1BULL_50.jpeg */ = {isa = PBXFileReference; lastKnownFileType = image.jpeg; path = 1BULL_50.jpeg; sourceTree = "<group>"; };
		ABD1DA0321BFAA17003892BD /* darts2.jpg */ = {isa = PBXFileReference; lastKnownFileType = image.jpeg; path = darts2.jpg; sourceTree = "<group>"; };
		ABD1DA0721BFB044003892BD /* 1BULL_80.png */ = {isa = PBXFileReference; lastKnownFileType = image.png; path = 1BULL_80.png; sourceTree = "<group>"; };
		ABD1DA0921C0CA4F003892BD /* back_100.png */ = {isa = PBXFileReference; lastKnownFileType = image.png; path = back_100.png; sourceTree = "<group>"; };
		ABD1DA0B21C0CABE003892BD /* back_100_2.png */ = {isa = PBXFileReference; lastKnownFileType = image.png; path = back_100_2.png; sourceTree = "<group>"; };
		ABD1DA0D21C0CEA8003892BD /* back_100_3.png */ = {isa = PBXFileReference; lastKnownFileType = image.png; path = back_100_3.png; sourceTree = "<group>"; };
		ABD1DA0F21C0CF1D003892BD /* back_100_4.png */ = {isa = PBXFileReference; lastKnownFileType = image.png; path = back_100_4.png; sourceTree = "<group>"; };
/* End PBXFileReference section */

/* Begin PBXFrameworksBuildPhase section */
		AB379B2421A3CB3900237021 /* Frameworks */ = {
			isa = PBXFrameworksBuildPhase;
			buildActionMask = 2147483647;
			files = (
				AB7CF1CC21BDF0AA002B0C4C /* CircleMenu.framework in Frameworks */,
				AB5488D321B7B39500E48809 /* Charts.framework in Frameworks */,
				AB379B4521A3CDC000237021 /* Realm.framework in Frameworks */,
				AB379B4721A3CDC000237021 /* RealmSwift.framework in Frameworks */,
				B2F0B326617520161A969607 /* Pods_darts.framework in Frameworks */,
			);
			runOnlyForDeploymentPostprocessing = 0;
		};
/* End PBXFrameworksBuildPhase section */

/* Begin PBXGroup section */
		14E6838AF9B7E77BE9F98728 /* Frameworks */ = {
			isa = PBXGroup;
			children = (
				AB7CF1CB21BDF0AA002B0C4C /* CircleMenu.framework */,
				AB5488D221B7B39500E48809 /* Charts.framework */,
				AB379B4421A3CDC000237021 /* Realm.framework */,
				AB379B4621A3CDC000237021 /* RealmSwift.framework */,
				754EAF9EFEFE29F8C961518C /* Pods_darts.framework */,
			);
			name = Frameworks;
			sourceTree = "<group>";
		};
		7F836A883AA90A5AADBAB649 /* Pods */ = {
			isa = PBXGroup;
			children = (
				7146FD02CBF970BA99211F6C /* Pods-darts.debug.xcconfig */,
				86B6A02F972CD444039EC6A9 /* Pods-darts.release.xcconfig */,
			);
			name = Pods;
			sourceTree = "<group>";
		};
		AB379B1E21A3CB3900237021 = {
			isa = PBXGroup;
			children = (
				AB379B2921A3CB3900237021 /* darts */,
				AB379B2821A3CB3900237021 /* Products */,
				14E6838AF9B7E77BE9F98728 /* Frameworks */,
				7F836A883AA90A5AADBAB649 /* Pods */,
			);
			sourceTree = "<group>";
		};
		AB379B2821A3CB3900237021 /* Products */ = {
			isa = PBXGroup;
			children = (
				AB379B2721A3CB3900237021 /* darts.app */,
			);
			name = Products;
			sourceTree = "<group>";
		};
		AB379B2921A3CB3900237021 /* darts */ = {
			isa = PBXGroup;
			children = (
				ABB6CFDD21D363200047C8A1 /* ios */,
				AB379B5321A3D37900237021 /* picture */,
				AB2AE9CD21C37246007D217D /* Canter Bold.otf */,
				AB379B2A21A3CB3900237021 /* AppDelegate.swift */,
				AB379B3121A3CB3B00237021 /* Assets.xcassets */,
				AB379B3321A3CB3B00237021 /* LaunchScreen.storyboard */,
				AB379B3621A3CB3B00237021 /* Info.plist */,
				AB5488D621B7C64A00E48809 /* OperateRealm.swift */,
				AB379B4021A3CC3800237021 /* Realm.swift */,
				AB379B6421A3D4F400237021 /* Rating.swift */,
				AB379B4821A3D00800237021 /* TitleViewController.swift */,
				AB379B4A21A3D04100237021 /* Main.storyboard */,
				AB379B8A21A6434300237021 /* CountUpViewController.swift */,
				AB379B4E21A3D26A00237021 /* OptionViewController.swift */,
				AB379B5021A3D30300237021 /* DetailOptionsViewController.swift */,
				AB379B4C21A3D1BA00237021 /* DetailZeroOneViewController.swift */,
				AB379B6221A3D3DA00237021 /* SimpleZeroOneViewController.swift */,
				AB379BAC21AE79DC00237021 /* SimpleCricketViewController.swift */,
				AB379BD821B61E4600237021 /* DetailCricketViewController.swift */,
				AB379BDA21B6526A00237021 /* CricketTableViewCell.swift */,
				AB379BDB21B6526A00237021 /* CricketTableViewCell.xib */,
				AB5488D421B7BB6000E48809 /* GraphViewController.swift */,
				AB5488D921B901DE00E48809 /* GraphZeroOneViewController.swift */,
				AB5488DB21B904D000E48809 /* GraphCricketViewController.swift */,
			);
			path = darts;
			sourceTree = "<group>";
		};
		AB379B5321A3D37900237021 /* picture */ = {
			isa = PBXGroup;
			children = (
				AB7CF1D021BDF61E002B0C4C /* countup.png */,
				AB7CF1CF21BDF61E002B0C4C /* cricket.png */,
				AB6DB9E321BE233100257228 /* Close.png */,
				AB6DB9FB21BE676A00257228 /* goal.png */,
				ABBDB32021D2179100C366CB /* 1BULL_50.jpeg */,
				AB6DB9EA21BE24DF00257228 /* Option_50.png */,
				ABB6D00721F1A5030047C8A1 /* zeroone.png */,
				ABB6CFC321D35D250047C8A1 /* 1BULL.jpeg */,
				ABB6CFBE21D35D240047C8A1 /* 1MARK_ORIGINAL.jpeg */,
				ABB6CFC621D35D260047C8A1 /* 1MARK.jpeg */,
				ABB6CFC221D35D250047C8A1 /* 2BULL.jpeg */,
				ABB6CFBC21D35D240047C8A1 /* 2MARK_ORIGINAL.jpeg */,
				ABB6CFC021D35D250047C8A1 /* 2MARK.jpeg */,
				ABB6CFC821D35D260047C8A1 /* 3BULL.jpeg */,
				ABB6CFC521D35D260047C8A1 /* 3MARK_ORIGINAL.jpeg */,
				ABB6CFBF21D35D240047C8A1 /* 3MARK.jpeg */,
				ABB6CFC721D35D260047C8A1 /* 4MARK.jpeg */,
				ABB6CFC121D35D250047C8A1 /* 5MARK.jpeg */,
				ABB6CFBD21D35D240047C8A1 /* 6MARK.jpeg */,
				ABB6CFC921D35D270047C8A1 /* 7MARK.jpeg */,
				ABB6CFCA21D35D270047C8A1 /* 8MARK.jpeg */,
				ABB6CFC421D35D250047C8A1 /* 9MARK.jpeg */,
				ABB6CFBB21D35D230047C8A1 /* Out.jpeg */,
				AB6DB9E221BE233100257228 /* Menu.png */,
				AB6DB9E821BE248300257228 /* Close_50.png */,
				AB6DBA0121BF4B2100257228 /* countup_30.png */,
				AB6DBA0221BF4B2200257228 /* cricket_30.png */,
				AB6DBA0021BF4B2100257228 /* zeroone_30.png */,
				AB6DB9E621BE23B000257228 /* Menu_50.png */,
				ABD1DA0321BFAA17003892BD /* darts2.jpg */,
				ABBDB31E21D214F100C366CB /* BULL_disable.jpeg */,
				AB7CF1D521BE122A002B0C4C /* Graph.png */,
				AB7CF1D721BE122B002B0C4C /* Option.png */,
				ABD1DA0721BFB044003892BD /* 1BULL_80.png */,
				AB6DB9EC21BE254100257228 /* Graph_50.png */,
				AB6DB9EE21BE28C400257228 /* darts.jpg */,
				ABD1DA0D21C0CEA8003892BD /* back_100_3.png */,
				ABD1DA0921C0CA4F003892BD /* back_100.png */,
				ABB6CFDB21D35F840047C8A1 /* save_30.png */,
				ABD1DA0B21C0CABE003892BD /* back_100_2.png */,
				ABD1DA0F21C0CF1D003892BD /* back_100_4.png */,
				AB379B5521A3D39A00237021 /* Hattrick.jpeg */,
			);
			path = picture;
			sourceTree = "<group>";
		};
		ABB6CFDD21D363200047C8A1 /* ios */ = {
			isa = PBXGroup;
			children = (
				ABB6CFDE21D363200047C8A1 /* iTunesArtwork@1x.png */,
				ABB6CFDF21D363200047C8A1 /* AppIcon.appiconset */,
				ABB6CFF021D363200047C8A1 /* README.md */,
				ABB6CFF121D363200047C8A1 /* iTunesArtwork@2x.png */,
				ABB6CFF221D363200047C8A1 /* iTunesArtwork@3x.png */,
			);
			path = ios;
			sourceTree = "<group>";
		};
		ABB6CFDF21D363200047C8A1 /* AppIcon.appiconset */ = {
			isa = PBXGroup;
			children = (
				ABB6CFE021D363200047C8A1 /* Icon-App-76x76@2x.png */,
				ABB6CFE121D363200047C8A1 /* Icon-App-29x29@1x.png */,
				ABB6CFE221D363200047C8A1 /* Icon-App-40x40@1x.png */,
				ABB6CFE321D363200047C8A1 /* Icon-App-20x20@1x.png */,
				ABB6CFE421D363200047C8A1 /* Icon-App-83.5x83.5@2x.png */,
				ABB6CFE521D363200047C8A1 /* Icon-App-20x20@3x.png */,
				ABB6CFE621D363200047C8A1 /* ItunesArtwork@2x.png */,
				ABB6CFE721D363200047C8A1 /* Contents.json */,
				ABB6CFE821D363200047C8A1 /* Icon-App-20x20@2x.png */,
				ABB6CFE921D363200047C8A1 /* Icon-App-29x29@3x.png */,
				ABB6CFEA21D363200047C8A1 /* Icon-App-40x40@2x.png */,
				ABB6CFEB21D363200047C8A1 /* Icon-App-60x60@3x.png */,
				ABB6CFEC21D363200047C8A1 /* Icon-App-60x60@2x.png */,
				ABB6CFED21D363200047C8A1 /* Icon-App-76x76@1x.png */,
				ABB6CFEE21D363200047C8A1 /* Icon-App-40x40@3x.png */,
				ABB6CFEF21D363200047C8A1 /* Icon-App-29x29@2x.png */,
			);
			path = AppIcon.appiconset;
			sourceTree = "<group>";
		};
/* End PBXGroup section */

/* Begin PBXNativeTarget section */
		AB379B2621A3CB3900237021 /* darts */ = {
			isa = PBXNativeTarget;
			buildConfigurationList = AB379B3921A3CB3B00237021 /* Build configuration list for PBXNativeTarget "darts" */;
			buildPhases = (
				3661EA01DBAA7C23513613C3 /* [CP] Check Pods Manifest.lock */,
				AB379B2321A3CB3900237021 /* Sources */,
				AB379B2421A3CB3900237021 /* Frameworks */,
				AB379B2521A3CB3900237021 /* Resources */,
				0B9078C1DA62977DFD40E992 /* [CP] Embed Pods Frameworks */,
			);
			buildRules = (
			);
			dependencies = (
			);
			name = darts;
			productName = darts;
			productReference = AB379B2721A3CB3900237021 /* darts.app */;
			productType = "com.apple.product-type.application";
		};
/* End PBXNativeTarget section */

/* Begin PBXProject section */
		AB379B1F21A3CB3900237021 /* Project object */ = {
			isa = PBXProject;
			attributes = {
				LastSwiftUpdateCheck = 1000;
				LastUpgradeCheck = 1000;
				ORGANIZATIONNAME = nttr.suzuki;
				TargetAttributes = {
					AB379B2621A3CB3900237021 = {
						CreatedOnToolsVersion = 10.0;
					};
				};
			};
			buildConfigurationList = AB379B2221A3CB3900237021 /* Build configuration list for PBXProject "darts" */;
			compatibilityVersion = "Xcode 9.3";
			developmentRegion = en;
			hasScannedForEncodings = 0;
			knownRegions = (
				en,
				Base,
			);
			mainGroup = AB379B1E21A3CB3900237021;
			productRefGroup = AB379B2821A3CB3900237021 /* Products */;
			projectDirPath = "";
			projectRoot = "";
			targets = (
				AB379B2621A3CB3900237021 /* darts */,
			);
		};
/* End PBXProject section */

/* Begin PBXResourcesBuildPhase section */
		AB379B2521A3CB3900237021 /* Resources */ = {
			isa = PBXResourcesBuildPhase;
			buildActionMask = 2147483647;
			files = (
				ABB6CFD621D35D270047C8A1 /* 1MARK.jpeg in Resources */,
				AB2AE9CE21C38077007D217D /* Canter Bold.otf in Resources */,
				AB6DB9E421BE233200257228 /* Menu.png in Resources */,
				AB6DB9FD21BE676A00257228 /* goal.png in Resources */,
				ABB6D00321D363200047C8A1 /* Icon-App-29x29@2x.png in Resources */,
				ABB6D00821F1A5030047C8A1 /* zeroone.png in Resources */,
				ABB6CFDC21D35F860047C8A1 /* save_30.png in Resources */,
				ABB6CFFC21D363200047C8A1 /* Icon-App-20x20@2x.png in Resources */,
				ABBDB32121D2179100C366CB /* 1BULL_50.jpeg in Resources */,
				ABB6D00621D363200047C8A1 /* iTunesArtwork@3x.png in Resources */,
				AB379B3521A3CB3B00237021 /* LaunchScreen.storyboard in Resources */,
				AB6DBA0421BF4B2300257228 /* countup_30.png in Resources */,
				AB7CF1D221BDF61E002B0C4C /* cricket.png in Resources */,
				ABB6CFFE21D363200047C8A1 /* Icon-App-40x40@2x.png in Resources */,
				ABB6CFCE21D35D270047C8A1 /* 1MARK_ORIGINAL.jpeg in Resources */,
				ABB6D00521D363200047C8A1 /* iTunesArtwork@2x.png in Resources */,
				AB379B3221A3CB3B00237021 /* Assets.xcassets in Resources */,
				ABB6CFD921D35D270047C8A1 /* 7MARK.jpeg in Resources */,
				ABB6CFF821D363200047C8A1 /* Icon-App-83.5x83.5@2x.png in Resources */,
				AB7CF1D321BDF61E002B0C4C /* countup.png in Resources */,
				ABB6D00421D363200047C8A1 /* README.md in Resources */,
				ABB6CFF721D363200047C8A1 /* Icon-App-20x20@1x.png in Resources */,
				ABB6CFD421D35D270047C8A1 /* 9MARK.jpeg in Resources */,
				AB7CF1D821BE122C002B0C4C /* Graph.png in Resources */,
				ABB6CFCD21D35D270047C8A1 /* 6MARK.jpeg in Resources */,
				AB6DB9E521BE233200257228 /* Close.png in Resources */,
				AB379BDD21B6526A00237021 /* CricketTableViewCell.xib in Resources */,
				ABB6CFDA21D35D270047C8A1 /* 8MARK.jpeg in Resources */,
				AB6DB9E721BE23B100257228 /* Menu_50.png in Resources */,
				ABB6CFFD21D363200047C8A1 /* Icon-App-29x29@3x.png in Resources */,
				ABB6CFD321D35D270047C8A1 /* 1BULL.jpeg in Resources */,
				ABB6CFF921D363200047C8A1 /* Icon-App-20x20@3x.png in Resources */,
				ABD1DA0C21C0CABF003892BD /* back_100_2.png in Resources */,
				ABBDB31F21D214F200C366CB /* BULL_disable.jpeg in Resources */,
				ABB6CFD821D35D270047C8A1 /* 3BULL.jpeg in Resources */,
				ABB6CFFB21D363200047C8A1 /* Contents.json in Resources */,
				AB7CF1DA21BE122C002B0C4C /* Option.png in Resources */,
				AB6DB9ED21BE254100257228 /* Graph_50.png in Resources */,
				ABB6CFD221D35D270047C8A1 /* 2BULL.jpeg in Resources */,
				ABB6D00021D363200047C8A1 /* Icon-App-60x60@2x.png in Resources */,
				ABD1DA0E21C0CEA8003892BD /* back_100_3.png in Resources */,
				ABB6CFD721D35D270047C8A1 /* 4MARK.jpeg in Resources */,
				ABB6D00121D363200047C8A1 /* Icon-App-76x76@1x.png in Resources */,
				ABD1DA1021C0CF1E003892BD /* back_100_4.png in Resources */,
				AB6DB9EB21BE24E000257228 /* Option_50.png in Resources */,
				ABD1DA0821BFB044003892BD /* 1BULL_80.png in Resources */,
				AB379B4B21A3D04100237021 /* Main.storyboard in Resources */,
				AB6DBA0521BF4B2300257228 /* cricket_30.png in Resources */,
				ABB6CFF321D363200047C8A1 /* iTunesArtwork@1x.png in Resources */,
				ABB6CFF521D363200047C8A1 /* Icon-App-29x29@1x.png in Resources */,
				AB379B5C21A3D39B00237021 /* Hattrick.jpeg in Resources */,
				ABB6CFCF21D35D270047C8A1 /* 3MARK.jpeg in Resources */,
				ABB6CFCC21D35D270047C8A1 /* 2MARK_ORIGINAL.jpeg in Resources */,
				ABB6CFF621D363200047C8A1 /* Icon-App-40x40@1x.png in Resources */,
				ABB6CFF421D363200047C8A1 /* Icon-App-76x76@2x.png in Resources */,
				ABB6CFFA21D363200047C8A1 /* ItunesArtwork@2x.png in Resources */,
				ABB6CFD521D35D270047C8A1 /* 3MARK_ORIGINAL.jpeg in Resources */,
				ABB6CFFF21D363200047C8A1 /* Icon-App-60x60@3x.png in Resources */,
				ABD1DA0A21C0CA50003892BD /* back_100.png in Resources */,
				ABD1DA0421BFAA17003892BD /* darts2.jpg in Resources */,
				ABB6CFD021D35D270047C8A1 /* 2MARK.jpeg in Resources */,
				AB6DB9EF21BE28C400257228 /* darts.jpg in Resources */,
				AB6DBA0321BF4B2300257228 /* zeroone_30.png in Resources */,
				AB6DB9E921BE248300257228 /* Close_50.png in Resources */,
				ABB6D00221D363200047C8A1 /* Icon-App-40x40@3x.png in Resources */,
				ABB6CFD121D35D270047C8A1 /* 5MARK.jpeg in Resources */,
				ABB6CFCB21D35D270047C8A1 /* Out.jpeg in Resources */,
			);
			runOnlyForDeploymentPostprocessing = 0;
		};
/* End PBXResourcesBuildPhase section */

/* Begin PBXShellScriptBuildPhase section */
		0B9078C1DA62977DFD40E992 /* [CP] Embed Pods Frameworks */ = {
			isa = PBXShellScriptBuildPhase;
			buildActionMask = 2147483647;
			files = (
			);
			inputFileListPaths = (
			);
			inputPaths = (
				"${SRCROOT}/Pods/Target Support Files/Pods-darts/Pods-darts-frameworks.sh",
				"${BUILT_PRODUCTS_DIR}/Charts/Charts.framework",
				"${BUILT_PRODUCTS_DIR}/CircleMenu/CircleMenu.framework",
				"${BUILT_PRODUCTS_DIR}/Realm/Realm.framework",
				"${BUILT_PRODUCTS_DIR}/RealmSwift/RealmSwift.framework",
			);
			name = "[CP] Embed Pods Frameworks";
			outputFileListPaths = (
			);
			outputPaths = (
				"${TARGET_BUILD_DIR}/${FRAMEWORKS_FOLDER_PATH}/Charts.framework",
				"${TARGET_BUILD_DIR}/${FRAMEWORKS_FOLDER_PATH}/CircleMenu.framework",
				"${TARGET_BUILD_DIR}/${FRAMEWORKS_FOLDER_PATH}/Realm.framework",
				"${TARGET_BUILD_DIR}/${FRAMEWORKS_FOLDER_PATH}/RealmSwift.framework",
			);
			runOnlyForDeploymentPostprocessing = 0;
			shellPath = /bin/sh;
			shellScript = "\"${SRCROOT}/Pods/Target Support Files/Pods-darts/Pods-darts-frameworks.sh\"\n";
			showEnvVarsInLog = 0;
		};
		3661EA01DBAA7C23513613C3 /* [CP] Check Pods Manifest.lock */ = {
			isa = PBXShellScriptBuildPhase;
			buildActionMask = 2147483647;
			files = (
			);
			inputFileListPaths = (
			);
			inputPaths = (
				"${PODS_PODFILE_DIR_PATH}/Podfile.lock",
				"${PODS_ROOT}/Manifest.lock",
			);
			name = "[CP] Check Pods Manifest.lock";
			outputFileListPaths = (
			);
			outputPaths = (
				"$(DERIVED_FILE_DIR)/Pods-darts-checkManifestLockResult.txt",
			);
			runOnlyForDeploymentPostprocessing = 0;
			shellPath = /bin/sh;
			shellScript = "diff \"${PODS_PODFILE_DIR_PATH}/Podfile.lock\" \"${PODS_ROOT}/Manifest.lock\" > /dev/null\nif [ $? != 0 ] ; then\n    # print error to STDERR\n    echo \"error: The sandbox is not in sync with the Podfile.lock. Run 'pod install' or update your CocoaPods installation.\" >&2\n    exit 1\nfi\n# This output is used by Xcode 'outputs' to avoid re-running this script phase.\necho \"SUCCESS\" > \"${SCRIPT_OUTPUT_FILE_0}\"\n";
			showEnvVarsInLog = 0;
		};
/* End PBXShellScriptBuildPhase section */

/* Begin PBXSourcesBuildPhase section */
		AB379B2321A3CB3900237021 /* Sources */ = {
			isa = PBXSourcesBuildPhase;
			buildActionMask = 2147483647;
			files = (
				AB379BAD21AE79DC00237021 /* SimpleCricketViewController.swift in Sources */,
				AB379BD921B61E4600237021 /* DetailCricketViewController.swift in Sources */,
				AB5488DC21B904D000E48809 /* GraphCricketViewController.swift in Sources */,
				AB379B4D21A3D1BA00237021 /* DetailZeroOneViewController.swift in Sources */,
				AB5488DA21B901DE00E48809 /* GraphZeroOneViewController.swift in Sources */,
				AB379B4F21A3D26A00237021 /* OptionViewController.swift in Sources */,
				AB379B4921A3D00800237021 /* TitleViewController.swift in Sources */,
				AB379B2B21A3CB3900237021 /* AppDelegate.swift in Sources */,
				AB379B6521A3D4F400237021 /* Rating.swift in Sources */,
				AB5488D521B7BB6000E48809 /* GraphViewController.swift in Sources */,
				AB379B8B21A6434300237021 /* CountUpViewController.swift in Sources */,
				AB379B5121A3D30300237021 /* DetailOptionsViewController.swift in Sources */,
				AB5488D721B7C64A00E48809 /* OperateRealm.swift in Sources */,
				AB379BDC21B6526A00237021 /* CricketTableViewCell.swift in Sources */,
				AB379B6321A3D3DA00237021 /* SimpleZeroOneViewController.swift in Sources */,
				AB379B4121A3CC3800237021 /* Realm.swift in Sources */,
			);
			runOnlyForDeploymentPostprocessing = 0;
		};
/* End PBXSourcesBuildPhase section */

/* Begin PBXVariantGroup section */
		AB379B3321A3CB3B00237021 /* LaunchScreen.storyboard */ = {
			isa = PBXVariantGroup;
			children = (
				AB379B3421A3CB3B00237021 /* Base */,
			);
			name = LaunchScreen.storyboard;
			sourceTree = "<group>";
		};
/* End PBXVariantGroup section */

/* Begin XCBuildConfiguration section */
		AB379B3721A3CB3B00237021 /* Debug */ = {
			isa = XCBuildConfiguration;
			buildSettings = {
				ALWAYS_SEARCH_USER_PATHS = NO;
				CLANG_ANALYZER_NONNULL = YES;
				CLANG_ANALYZER_NUMBER_OBJECT_CONVERSION = YES_AGGRESSIVE;
				CLANG_CXX_LANGUAGE_STANDARD = "gnu++14";
				CLANG_CXX_LIBRARY = "libc++";
				CLANG_ENABLE_MODULES = YES;
				CLANG_ENABLE_OBJC_ARC = YES;
				CLANG_ENABLE_OBJC_WEAK = YES;
				CLANG_WARN_BLOCK_CAPTURE_AUTORELEASING = YES;
				CLANG_WARN_BOOL_CONVERSION = YES;
				CLANG_WARN_COMMA = YES;
				CLANG_WARN_CONSTANT_CONVERSION = YES;
				CLANG_WARN_DEPRECATED_OBJC_IMPLEMENTATIONS = YES;
				CLANG_WARN_DIRECT_OBJC_ISA_USAGE = YES_ERROR;
				CLANG_WARN_DOCUMENTATION_COMMENTS = YES;
				CLANG_WARN_EMPTY_BODY = YES;
				CLANG_WARN_ENUM_CONVERSION = YES;
				CLANG_WARN_INFINITE_RECURSION = YES;
				CLANG_WARN_INT_CONVERSION = YES;
				CLANG_WARN_NON_LITERAL_NULL_CONVERSION = YES;
				CLANG_WARN_OBJC_IMPLICIT_RETAIN_SELF = YES;
				CLANG_WARN_OBJC_LITERAL_CONVERSION = YES;
				CLANG_WARN_OBJC_ROOT_CLASS = YES_ERROR;
				CLANG_WARN_RANGE_LOOP_ANALYSIS = YES;
				CLANG_WARN_STRICT_PROTOTYPES = YES;
				CLANG_WARN_SUSPICIOUS_MOVE = YES;
				CLANG_WARN_UNGUARDED_AVAILABILITY = YES_AGGRESSIVE;
				CLANG_WARN_UNREACHABLE_CODE = YES;
				CLANG_WARN__DUPLICATE_METHOD_MATCH = YES;
				CODE_SIGN_IDENTITY = "iPhone Developer";
				COPY_PHASE_STRIP = NO;
				DEBUG_INFORMATION_FORMAT = dwarf;
				ENABLE_STRICT_OBJC_MSGSEND = YES;
				ENABLE_TESTABILITY = YES;
				GCC_C_LANGUAGE_STANDARD = gnu11;
				GCC_DYNAMIC_NO_PIC = NO;
				GCC_NO_COMMON_BLOCKS = YES;
				GCC_OPTIMIZATION_LEVEL = 0;
				GCC_PREPROCESSOR_DEFINITIONS = (
					"DEBUG=1",
					"$(inherited)",
				);
				GCC_WARN_64_TO_32_BIT_CONVERSION = YES;
				GCC_WARN_ABOUT_RETURN_TYPE = YES_ERROR;
				GCC_WARN_UNDECLARED_SELECTOR = YES;
				GCC_WARN_UNINITIALIZED_AUTOS = YES_AGGRESSIVE;
				GCC_WARN_UNUSED_FUNCTION = YES;
				GCC_WARN_UNUSED_VARIABLE = YES;
				IPHONEOS_DEPLOYMENT_TARGET = 12.0;
				MTL_ENABLE_DEBUG_INFO = INCLUDE_SOURCE;
				MTL_FAST_MATH = YES;
				ONLY_ACTIVE_ARCH = YES;
				SDKROOT = iphoneos;
				SWIFT_ACTIVE_COMPILATION_CONDITIONS = DEBUG;
				SWIFT_OPTIMIZATION_LEVEL = "-Onone";
			};
			name = Debug;
		};
		AB379B3821A3CB3B00237021 /* Release */ = {
			isa = XCBuildConfiguration;
			buildSettings = {
				ALWAYS_SEARCH_USER_PATHS = NO;
				CLANG_ANALYZER_NONNULL = YES;
				CLANG_ANALYZER_NUMBER_OBJECT_CONVERSION = YES_AGGRESSIVE;
				CLANG_CXX_LANGUAGE_STANDARD = "gnu++14";
				CLANG_CXX_LIBRARY = "libc++";
				CLANG_ENABLE_MODULES = YES;
				CLANG_ENABLE_OBJC_ARC = YES;
				CLANG_ENABLE_OBJC_WEAK = YES;
				CLANG_WARN_BLOCK_CAPTURE_AUTORELEASING = YES;
				CLANG_WARN_BOOL_CONVERSION = YES;
				CLANG_WARN_COMMA = YES;
				CLANG_WARN_CONSTANT_CONVERSION = YES;
				CLANG_WARN_DEPRECATED_OBJC_IMPLEMENTATIONS = YES;
				CLANG_WARN_DIRECT_OBJC_ISA_USAGE = YES_ERROR;
				CLANG_WARN_DOCUMENTATION_COMMENTS = YES;
				CLANG_WARN_EMPTY_BODY = YES;
				CLANG_WARN_ENUM_CONVERSION = YES;
				CLANG_WARN_INFINITE_RECURSION = YES;
				CLANG_WARN_INT_CONVERSION = YES;
				CLANG_WARN_NON_LITERAL_NULL_CONVERSION = YES;
				CLANG_WARN_OBJC_IMPLICIT_RETAIN_SELF = YES;
				CLANG_WARN_OBJC_LITERAL_CONVERSION = YES;
				CLANG_WARN_OBJC_ROOT_CLASS = YES_ERROR;
				CLANG_WARN_RANGE_LOOP_ANALYSIS = YES;
				CLANG_WARN_STRICT_PROTOTYPES = YES;
				CLANG_WARN_SUSPICIOUS_MOVE = YES;
				CLANG_WARN_UNGUARDED_AVAILABILITY = YES_AGGRESSIVE;
				CLANG_WARN_UNREACHABLE_CODE = YES;
				CLANG_WARN__DUPLICATE_METHOD_MATCH = YES;
				CODE_SIGN_IDENTITY = "iPhone Developer";
				COPY_PHASE_STRIP = NO;
				DEBUG_INFORMATION_FORMAT = "dwarf-with-dsym";
				ENABLE_NS_ASSERTIONS = NO;
				ENABLE_STRICT_OBJC_MSGSEND = YES;
				GCC_C_LANGUAGE_STANDARD = gnu11;
				GCC_NO_COMMON_BLOCKS = YES;
				GCC_WARN_64_TO_32_BIT_CONVERSION = YES;
				GCC_WARN_ABOUT_RETURN_TYPE = YES_ERROR;
				GCC_WARN_UNDECLARED_SELECTOR = YES;
				GCC_WARN_UNINITIALIZED_AUTOS = YES_AGGRESSIVE;
				GCC_WARN_UNUSED_FUNCTION = YES;
				GCC_WARN_UNUSED_VARIABLE = YES;
				IPHONEOS_DEPLOYMENT_TARGET = 12.0;
				MTL_ENABLE_DEBUG_INFO = NO;
				MTL_FAST_MATH = YES;
				SDKROOT = iphoneos;
				SWIFT_COMPILATION_MODE = wholemodule;
				SWIFT_OPTIMIZATION_LEVEL = "-O";
				VALIDATE_PRODUCT = YES;
			};
			name = Release;
		};
		AB379B3A21A3CB3B00237021 /* Debug */ = {
			isa = XCBuildConfiguration;
			baseConfigurationReference = 7146FD02CBF970BA99211F6C /* Pods-darts.debug.xcconfig */;
			buildSettings = {
				ASSETCATALOG_COMPILER_APPICON_NAME = AppIcon;
				CODE_SIGN_STYLE = Automatic;
				INFOPLIST_FILE = darts/Info.plist;
				LD_RUNPATH_SEARCH_PATHS = (
					"$(inherited)",
					"@executable_path/Frameworks",
				);
				PRODUCT_BUNDLE_IDENTIFIER = nttr.suzuki.darts;
				PRODUCT_NAME = "$(TARGET_NAME)";
				SWIFT_VERSION = 4.2;
				TARGETED_DEVICE_FAMILY = "1,2";
			};
			name = Debug;
		};
		AB379B3B21A3CB3B00237021 /* Release */ = {
			isa = XCBuildConfiguration;
			baseConfigurationReference = 86B6A02F972CD444039EC6A9 /* Pods-darts.release.xcconfig */;
			buildSettings = {
				ASSETCATALOG_COMPILER_APPICON_NAME = AppIcon;
				CODE_SIGN_STYLE = Automatic;
				INFOPLIST_FILE = darts/Info.plist;
				LD_RUNPATH_SEARCH_PATHS = (
					"$(inherited)",
					"@executable_path/Frameworks",
				);
				PRODUCT_BUNDLE_IDENTIFIER = nttr.suzuki.darts;
				PRODUCT_NAME = "$(TARGET_NAME)";
				SWIFT_VERSION = 4.2;
				TARGETED_DEVICE_FAMILY = "1,2";
			};
			name = Release;
		};
/* End XCBuildConfiguration section */

/* Begin XCConfigurationList section */
		AB379B2221A3CB3900237021 /* Build configuration list for PBXProject "darts" */ = {
			isa = XCConfigurationList;
			buildConfigurations = (
				AB379B3721A3CB3B00237021 /* Debug */,
				AB379B3821A3CB3B00237021 /* Release */,
			);
			defaultConfigurationIsVisible = 0;
			defaultConfigurationName = Release;
		};
		AB379B3921A3CB3B00237021 /* Build configuration list for PBXNativeTarget "darts" */ = {
			isa = XCConfigurationList;
			buildConfigurations = (
				AB379B3A21A3CB3B00237021 /* Debug */,
				AB379B3B21A3CB3B00237021 /* Release */,
			);
			defaultConfigurationIsVisible = 0;
			defaultConfigurationName = Release;
		};
/* End XCConfigurationList section */
	};
	rootObject = AB379B1F21A3CB3900237021 /* Project object */;
}
